
Microsoft Visual Studio Solution File, Format Version 12.00
# Visual Studio Version 17
VisualStudioVersion = 17.13.35825.156 d17.13
MinimumVisualStudioVersion = 10.0.40219.1
Project("{FAE04EC0-301F-11D3-BF4B-00C04F79EFBC}") = "Joseco.Outbox.Contracts", "Joseco.Outbox.Contracts\Joseco.Outbox.Contracts.csproj", "{FABD919D-5A8A-49BF-B482-76E0C3C8C5C9}"
EndProject
Project("{FAE04EC0-301F-11D3-BF4B-00C04F79EFBC}") = "Joseco.Outbox.EFCore", "Joseco.Outbox.EFCore\Joseco.Outbox.EFCore.csproj", "{62FC4273-4F59-40C1-8DDC-8E9BFDDF6413}"
EndProject
Global
	GlobalSection(SolutionConfigurationPlatforms) = preSolution
		Debug|Any CPU = Debug|Any CPU
		Release|Any CPU = Release|Any CPU
	EndGlobalSection
	GlobalSection(ProjectConfigurationPlatforms) = postSolution
		{FABD919D-5A8A-49BF-B482-76E0C3C8C5C9}.Debug|Any CPU.ActiveCfg = Debug|Any CPU
		{FABD919D-5A8A-49BF-B482-76E0C3C8C5C9}.Debug|Any CPU.Build.0 = Debug|Any CPU
		{FABD919D-5A8A-49BF-B482-76E0C3C8C5C9}.Release|Any CPU.ActiveCfg = Release|Any CPU
		{FABD919D-5A8A-49BF-B482-76E0C3C8C5C9}.Release|Any CPU.Build.0 = Release|Any CPU
		{62FC4273-4F59-40C1-8DDC-8E9BFDDF6413}.Debug|Any CPU.ActiveCfg = Debug|Any CPU
		{62FC4273-4F59-40C1-8DDC-8E9BFDDF6413}.Debug|Any CPU.Build.0 = Debug|Any CPU
		{62FC4273-4F59-40C1-8DDC-8E9BFDDF6413}.Release|Any CPU.ActiveCfg = Release|Any CPU
		{62FC4273-4F59-40C1-8DDC-8E9BFDDF6413}.Release|Any CPU.Build.0 = Release|Any CPU
	EndGlobalSection
	GlobalSection(SolutionProperties) = preSolution
		HideSolutionNode = FALSE
	EndGlobalSection
	GlobalSection(ExtensibilityGlobals) = postSolution
		SolutionGuid = {830FFDEB-1DBD-4077-AFD0-7A92B6829684}
	EndGlobalSection
EndGlobal
